
Microsoft Visual Studio Solution File, Format Version 12.00
# Visual Studio Version 17
VisualStudioVersion = 17.6.33829.357
MinimumVisualStudioVersion = 10.0.40219.1
Project("{FAE04EC0-301F-11D3-BF4B-00C04F79EFBC}") = "ArrearReact", "ArrearReact\ArrearReact.csproj", "{88B6E044-7033-4188-BB0A-C888AF06E954}"
EndProject
Project("{FAE04EC0-301F-11D3-BF4B-00C04F79EFBC}") = "Arrear.Domain", "Arrear.Domain\Arrear.Domain.csproj", "{D06ECEA2-22D5-4C38-AD31-1E8ECCE30FFE}"
EndProject
Project("{FAE04EC0-301F-11D3-BF4B-00C04F79EFBC}") = "Arrear.Persistence", "Arrear.Persistence\Arrear.Persistence.csproj", "{66FF15EA-BEC4-4ADA-AFE7-42B2E6E14216}"
EndProject
Project("{FAE04EC0-301F-11D3-BF4B-00C04F79EFBC}") = "Arrear.Services", "Arrear.Services\Arrear.Services.csproj", "{3E0FD428-A997-415F-93AC-59BEA8ED9DCA}"
EndProject
Project("{FAE04EC0-301F-11D3-BF4B-00C04F79EFBC}") = "Arrear.Application", "Arrear.Application\Arrear.Application.csproj", "{AF1734F7-3312-4690-A408-38C4C8FCFB75}"
EndProject
Global
	GlobalSection(SolutionConfigurationPlatforms) = preSolution
		Debug|Any CPU = Debug|Any CPU
		Release|Any CPU = Release|Any CPU
	EndGlobalSection
	GlobalSection(ProjectConfigurationPlatforms) = postSolution
		{88B6E044-7033-4188-BB0A-C888AF06E954}.Debug|Any CPU.ActiveCfg = Debug|Any CPU
		{88B6E044-7033-4188-BB0A-C888AF06E954}.Debug|Any CPU.Build.0 = Debug|Any CPU
		{88B6E044-7033-4188-BB0A-C888AF06E954}.Release|Any CPU.ActiveCfg = Release|Any CPU
		{88B6E044-7033-4188-BB0A-C888AF06E954}.Release|Any CPU.Build.0 = Release|Any CPU
		{D06ECEA2-22D5-4C38-AD31-1E8ECCE30FFE}.Debug|Any CPU.ActiveCfg = Debug|Any CPU
		{D06ECEA2-22D5-4C38-AD31-1E8ECCE30FFE}.Debug|Any CPU.Build.0 = Debug|Any CPU
		{D06ECEA2-22D5-4C38-AD31-1E8ECCE30FFE}.Release|Any CPU.ActiveCfg = Release|Any CPU
		{D06ECEA2-22D5-4C38-AD31-1E8ECCE30FFE}.Release|Any CPU.Build.0 = Release|Any CPU
		{66FF15EA-BEC4-4ADA-AFE7-42B2E6E14216}.Debug|Any CPU.ActiveCfg = Debug|Any CPU
		{66FF15EA-BEC4-4ADA-AFE7-42B2E6E14216}.Debug|Any CPU.Build.0 = Debug|Any CPU
		{66FF15EA-BEC4-4ADA-AFE7-42B2E6E14216}.Release|Any CPU.ActiveCfg = Release|Any CPU
		{66FF15EA-BEC4-4ADA-AFE7-42B2E6E14216}.Release|Any CPU.Build.0 = Release|Any CPU
		{3E0FD428-A997-415F-93AC-59BEA8ED9DCA}.Debug|Any CPU.ActiveCfg = Debug|Any CPU
		{3E0FD428-A997-415F-93AC-59BEA8ED9DCA}.Debug|Any CPU.Build.0 = Debug|Any CPU
		{3E0FD428-A997-415F-93AC-59BEA8ED9DCA}.Release|Any CPU.ActiveCfg = Release|Any CPU
		{3E0FD428-A997-415F-93AC-59BEA8ED9DCA}.Release|Any CPU.Build.0 = Release|Any CPU
		{AF1734F7-3312-4690-A408-38C4C8FCFB75}.Debug|Any CPU.ActiveCfg = Debug|Any CPU
		{AF1734F7-3312-4690-A408-38C4C8FCFB75}.Debug|Any CPU.Build.0 = Debug|Any CPU
		{AF1734F7-3312-4690-A408-38C4C8FCFB75}.Release|Any CPU.ActiveCfg = Release|Any CPU
		{AF1734F7-3312-4690-A408-38C4C8FCFB75}.Release|Any CPU.Build.0 = Release|Any CPU
	EndGlobalSection
	GlobalSection(SolutionProperties) = preSolution
		HideSolutionNode = FALSE
	EndGlobalSection
	GlobalSection(ExtensibilityGlobals) = postSolution
		SolutionGuid = {77AFAC40-03F7-44A6-ABDF-2AA0E21DA721}
	EndGlobalSection
EndGlobal
